
Microsoft Visual Studio Solution File, Format Version 12.00
# Visual Studio Version 17
VisualStudioVersion = 17.11.35303.130
MinimumVisualStudioVersion = 10.0.40219.1
Project("{2150E333-8FDC-42A3-9474-1A3956D46DE8}") = "Task0", "Task0", "{2A377D10-4EEE-4AC8-A9FD-26F7046DAB91}"
EndProject
Project("{FAE04EC0-301F-11D3-BF4B-00C04F79EFBC}") = "Tyuiu.StoyakinNM.Sprint0.Task0.V0", "Tyuiu.StoyakinNM.Sprint0.Task0.V0\Tyuiu.StoyakinNM.Sprint0.Task0.V0.csproj", "{76F93D12-0BEC-4BE4-BFE3-187D49281CC4}"
EndProject
Project("{2150E333-8FDC-42A3-9474-1A3956D46DE8}") = "Task1", "Task1", "{109CDB46-1F5A-4F92-ABA2-BDEAE1F57E04}"
EndProject
Project("{FAE04EC0-301F-11D3-BF4B-00C04F79EFBC}") = "Tyuiu.StoyakinNM.Sprint0.Task1.V0", "Tyuiu.StoyakinNM.Sprint0.Task1.V0\Tyuiu.StoyakinNM.Sprint0.Task1.V0.csproj", "{5C83FBBA-218F-4B02-BED0-68BEAA700439}"
EndProject
Project("{2150E333-8FDC-42A3-9474-1A3956D46DE8}") = "Task2", "Task2", "{B311A9B3-1949-431A-B921-C53F98CD0B0D}"
EndProject
Project("{FAE04EC0-301F-11D3-BF4B-00C04F79EFBC}") = "Tyuiu.StoyakinNM.Sprint0.Task2.V0", "Tyuiu.StoyakinNM.Sprint0.Task2.V0\Tyuiu.StoyakinNM.Sprint0.Task2.V0.csproj", "{77D29102-C413-408E-94BD-6C8CA797BAFF}"
EndProject
Project("{FAE04EC0-301F-11D3-BF4B-00C04F79EFBC}") = "Tyuiu.StoyakinNM.Sprint0.Task2.V0.Lib", "Tyuiu.StoyakinNM.Sprint0.Task2.V0.Lib\Tyuiu.StoyakinNM.Sprint0.Task2.V0.Lib.csproj", "{D22BD835-BE10-4AC2-BF9F-FFC48F0EB9BF}"
EndProject
Project("{FAE04EC0-301F-11D3-BF4B-00C04F79EFBC}") = "Tyuiu.StoyakinNM.Sprint0.Task2.V0.Test", "Tyuiu.StoyakinNM.Sprint0.Task2.V0.Test\Tyuiu.StoyakinNM.Sprint0.Task2.V0.Test.csproj", "{93BA16C7-0BD2-41D1-AB6B-E112E0AE8FEF}"
EndProject
Project("{2150E333-8FDC-42A3-9474-1A3956D46DE8}") = "Task3", "Task3", "{368E362E-A3F2-403C-8091-32749A55902F}"
EndProject
Project("{FAE04EC0-301F-11D3-BF4B-00C04F79EFBC}") = "Tyuiu.StoyakinNM.Sprint0.Task3.V0", "Tyuiu.StoyakinNM.Sprint0.Task3.v0\Tyuiu.StoyakinNM.Sprint0.Task3.V0.csproj", "{89FEC610-5723-41C3-9E63-5830F11FE107}"
EndProject
Project("{FAE04EC0-301F-11D3-BF4B-00C04F79EFBC}") = "Tyuiu.StoyakinNM.Sprint0.Task3.V0.Lib", "Tyuiu.StoyakinNM.Sprint0.Task3.V0.Lib\Tyuiu.StoyakinNM.Sprint0.Task3.V0.Lib.csproj", "{EDA605A7-996C-4E0D-B070-FA65DE36891B}"
EndProject
Project("{FAE04EC0-301F-11D3-BF4B-00C04F79EFBC}") = "Tyuiu.StoyakinNM.Sprint0.Task3.V0.Test", "Tyuiu.StoyakinNM.Sprint0.Task3.V0.Test\Tyuiu.StoyakinNM.Sprint0.Task3.V0.Test.csproj", "{3957927B-EAE1-4607-B076-59E2A9CBF6DC}"
EndProject
Project("{2150E333-8FDC-42A3-9474-1A3956D46DE8}") = "Task4", "Task4", "{DFEFD70D-2748-46CF-A9FD-62750BFE7588}"
EndProject
Project("{FAE04EC0-301F-11D3-BF4B-00C04F79EFBC}") = "Tyuiu.StoyakinNM.Sprint0.Task4.V0", "Tyuiu.StoyakinNM.Sprint0.Task4.v0\Tyuiu.StoyakinNM.Sprint0.Task4.V0.csproj", "{32FB3BEF-F044-4E9C-8D6C-E2372FCF7CE6}"
EndProject
Project("{FAE04EC0-301F-11D3-BF4B-00C04F79EFBC}") = "Tyuiu.StoyakinNM.Sprint0.Task4.V0.Test", "Tyuiu.StoyakinNM.Sprint0.Task4.V0.Test\Tyuiu.StoyakinNM.Sprint0.Task4.V0.Test.csproj", "{2AD54AB9-A8A5-400A-8832-C9518F7BE385}"
EndProject
Project("{FAE04EC0-301F-11D3-BF4B-00C04F79EFBC}") = "Tyuiu.StoyakinNM.Sprint0.Task4.V0.Lib", "Tyuiu.StoyakinNM.Sprint0.Task4.V0.Lib\Tyuiu.StoyakinNM.Sprint0.Task4.V0.Lib.csproj", "{BBD7D521-335D-4E35-B7DB-39F1FF3DB1D5}"
EndProject
Project("{2150E333-8FDC-42A3-9474-1A3956D46DE8}") = "Task5", "Task5", "{BB736409-4BB1-400D-B77F-35E25DF1E107}"
EndProject
Project("{FAE04EC0-301F-11D3-BF4B-00C04F79EFBC}") = "Tyuiu.StoyakinNM.Sprint0.Task5.V0", "Tyuiu.StoyakinNM.Sprint0.Task5.V0\Tyuiu.StoyakinNM.Sprint0.Task5.V0.csproj", "{273F83F8-8B39-4FEF-9845-3DDEC07F5679}"
EndProject
Project("{FAE04EC0-301F-11D3-BF4B-00C04F79EFBC}") = "Tyuiu.StoyakinNM.Sprint0.Task5.V0.Lib", "Tyuiu.StoyakinNM.Sprint0.Task5.V0.Lib\Tyuiu.StoyakinNM.Sprint0.Task5.V0.Lib.csproj", "{66ABABCA-416F-47C7-97B9-5693D608C00C}"
EndProject
Project("{FAE04EC0-301F-11D3-BF4B-00C04F79EFBC}") = "Tyuiu.StoyakinNM.Sprint0.Task5.V0.Test", "Tyuiu.StoyakinNM.Sprint0.Task5.V0.Test\Tyuiu.StoyakinNM.Sprint0.Task5.V0.Test.csproj", "{69E5F73B-8591-4C02-9799-9493DDDAA8DD}"
EndProject
Project("{2150E333-8FDC-42A3-9474-1A3956D46DE8}") = "Task6", "Task6", "{3F863553-78B4-4F4A-90C7-8B19DE6FC4B9}"
EndProject
Project("{FAE04EC0-301F-11D3-BF4B-00C04F79EFBC}") = "Tyuiu.StoyakinNM.Sprint0.Task6.V0", "Tyuiu.StoyakinNM.Sprint0.Task6.V0\Tyuiu.StoyakinNM.Sprint0.Task6.V0.csproj", "{FC909126-A6A7-42B5-B32C-04B97CF6DD88}"
EndProject
Project("{FAE04EC0-301F-11D3-BF4B-00C04F79EFBC}") = "Tyuiu.StoyakinNM.Sprint0.Task6.V0.Lib", "Tyuiu.StoyakinNM.Sprint0.Task6.V0.lib\Tyuiu.StoyakinNM.Sprint0.Task6.V0.Lib.csproj", "{B6DFC094-A839-48C3-8AD6-20C89925F322}"
EndProject
Project("{FAE04EC0-301F-11D3-BF4B-00C04F79EFBC}") = "Tyuiu.StoyakinNM.Sprint0.Task6.V0.Test", "Tyuiu.StoyakinNM.Sprint0.Task6.V0.Test\Tyuiu.StoyakinNM.Sprint0.Task6.V0.Test.csproj", "{64ED1650-98DC-4037-8401-856032C78DF1}"
EndProject
Project("{2150E333-8FDC-42A3-9474-1A3956D46DE8}") = "Task7", "Task7", "{67AF1C01-F068-402E-8C0E-E1A19B681CBA}"
EndProject
Project("{FAE04EC0-301F-11D3-BF4B-00C04F79EFBC}") = "Tyuiu.StoyakinNM.Sprint0.Task7.V0", "Tyuiu.StoyakinNM.Sprint0.Task7.V0\Tyuiu.StoyakinNM.Sprint0.Task7.V0.csproj", "{884C500F-8641-4D9A-9BD6-006FA512980A}"
EndProject
Project("{FAE04EC0-301F-11D3-BF4B-00C04F79EFBC}") = "Tyuiu.StoyakinNM.Sprint0.Task7.V0.Lib", "Tyuiu.StoyakinNM.Sprint0.Task7.V0.Lib\Tyuiu.StoyakinNM.Sprint0.Task7.V0.Lib.csproj", "{60D7E317-1CED-4E77-B55E-654AADBBD3E9}"
EndProject
Project("{FAE04EC0-301F-11D3-BF4B-00C04F79EFBC}") = "Tyuiu.StoyakinNM.Sprint0.Task7.V0.Test", "Tyuiu.StoyakinNM.Sprint0.Task7.V0.Test\Tyuiu.StoyakinNM.Sprint0.Task7.V0.Test.csproj", "{815BF665-1FFA-421E-A148-D8E5EA6AC650}"
EndProject
Global
	GlobalSection(SolutionConfigurationPlatforms) = preSolution
		Debug|Any CPU = Debug|Any CPU
		Release|Any CPU = Release|Any CPU
	EndGlobalSection
	GlobalSection(ProjectConfigurationPlatforms) = postSolution
		{76F93D12-0BEC-4BE4-BFE3-187D49281CC4}.Debug|Any CPU.ActiveCfg = Debug|Any CPU
		{76F93D12-0BEC-4BE4-BFE3-187D49281CC4}.Debug|Any CPU.Build.0 = Debug|Any CPU
		{76F93D12-0BEC-4BE4-BFE3-187D49281CC4}.Release|Any CPU.ActiveCfg = Release|Any CPU
		{76F93D12-0BEC-4BE4-BFE3-187D49281CC4}.Release|Any CPU.Build.0 = Release|Any CPU
		{5C83FBBA-218F-4B02-BED0-68BEAA700439}.Debug|Any CPU.ActiveCfg = Debug|Any CPU
		{5C83FBBA-218F-4B02-BED0-68BEAA700439}.Debug|Any CPU.Build.0 = Debug|Any CPU
		{5C83FBBA-218F-4B02-BED0-68BEAA700439}.Release|Any CPU.ActiveCfg = Release|Any CPU
		{5C83FBBA-218F-4B02-BED0-68BEAA700439}.Release|Any CPU.Build.0 = Release|Any CPU
		{77D29102-C413-408E-94BD-6C8CA797BAFF}.Debug|Any CPU.ActiveCfg = Debug|Any CPU
		{77D29102-C413-408E-94BD-6C8CA797BAFF}.Debug|Any CPU.Build.0 = Debug|Any CPU
		{77D29102-C413-408E-94BD-6C8CA797BAFF}.Release|Any CPU.ActiveCfg = Release|Any CPU
		{77D29102-C413-408E-94BD-6C8CA797BAFF}.Release|Any CPU.Build.0 = Release|Any CPU
		{D22BD835-BE10-4AC2-BF9F-FFC48F0EB9BF}.Debug|Any CPU.ActiveCfg = Debug|Any CPU
		{D22BD835-BE10-4AC2-BF9F-FFC48F0EB9BF}.Debug|Any CPU.Build.0 = Debug|Any CPU
		{D22BD835-BE10-4AC2-BF9F-FFC48F0EB9BF}.Release|Any CPU.ActiveCfg = Release|Any CPU
		{D22BD835-BE10-4AC2-BF9F-FFC48F0EB9BF}.Release|Any CPU.Build.0 = Release|Any CPU
		{93BA16C7-0BD2-41D1-AB6B-E112E0AE8FEF}.Debug|Any CPU.ActiveCfg = Debug|Any CPU
		{93BA16C7-0BD2-41D1-AB6B-E112E0AE8FEF}.Debug|Any CPU.Build.0 = Debug|Any CPU
		{93BA16C7-0BD2-41D1-AB6B-E112E0AE8FEF}.Release|Any CPU.ActiveCfg = Release|Any CPU
		{93BA16C7-0BD2-41D1-AB6B-E112E0AE8FEF}.Release|Any CPU.Build.0 = Release|Any CPU
		{89FEC610-5723-41C3-9E63-5830F11FE107}.Debug|Any CPU.ActiveCfg = Debug|Any CPU
		{89FEC610-5723-41C3-9E63-5830F11FE107}.Debug|Any CPU.Build.0 = Debug|Any CPU
		{89FEC610-5723-41C3-9E63-5830F11FE107}.Release|Any CPU.ActiveCfg = Release|Any CPU
		{89FEC610-5723-41C3-9E63-5830F11FE107}.Release|Any CPU.Build.0 = Release|Any CPU
		{EDA605A7-996C-4E0D-B070-FA65DE36891B}.Debug|Any CPU.ActiveCfg = Debug|Any CPU
		{EDA605A7-996C-4E0D-B070-FA65DE36891B}.Debug|Any CPU.Build.0 = Debug|Any CPU
		{EDA605A7-996C-4E0D-B070-FA65DE36891B}.Release|Any CPU.ActiveCfg = Release|Any CPU
		{EDA605A7-996C-4E0D-B070-FA65DE36891B}.Release|Any CPU.Build.0 = Release|Any CPU
		{3957927B-EAE1-4607-B076-59E2A9CBF6DC}.Debug|Any CPU.ActiveCfg = Debug|Any CPU
		{3957927B-EAE1-4607-B076-59E2A9CBF6DC}.Debug|Any CPU.Build.0 = Debug|Any CPU
		{3957927B-EAE1-4607-B076-59E2A9CBF6DC}.Release|Any CPU.ActiveCfg = Release|Any CPU
		{3957927B-EAE1-4607-B076-59E2A9CBF6DC}.Release|Any CPU.Build.0 = Release|Any CPU
		{32FB3BEF-F044-4E9C-8D6C-E2372FCF7CE6}.Debug|Any CPU.ActiveCfg = Debug|Any CPU
		{32FB3BEF-F044-4E9C-8D6C-E2372FCF7CE6}.Debug|Any CPU.Build.0 = Debug|Any CPU
		{32FB3BEF-F044-4E9C-8D6C-E2372FCF7CE6}.Release|Any CPU.ActiveCfg = Release|Any CPU
		{32FB3BEF-F044-4E9C-8D6C-E2372FCF7CE6}.Release|Any CPU.Build.0 = Release|Any CPU
		{2AD54AB9-A8A5-400A-8832-C9518F7BE385}.Debug|Any CPU.ActiveCfg = Debug|Any CPU
		{2AD54AB9-A8A5-400A-8832-C9518F7BE385}.Debug|Any CPU.Build.0 = Debug|Any CPU
		{2AD54AB9-A8A5-400A-8832-C9518F7BE385}.Release|Any CPU.ActiveCfg = Release|Any CPU
		{2AD54AB9-A8A5-400A-8832-C9518F7BE385}.Release|Any CPU.Build.0 = Release|Any CPU
		{BBD7D521-335D-4E35-B7DB-39F1FF3DB1D5}.Debug|Any CPU.ActiveCfg = Debug|Any CPU
		{BBD7D521-335D-4E35-B7DB-39F1FF3DB1D5}.Debug|Any CPU.Build.0 = Debug|Any CPU
		{BBD7D521-335D-4E35-B7DB-39F1FF3DB1D5}.Release|Any CPU.ActiveCfg = Release|Any CPU
		{BBD7D521-335D-4E35-B7DB-39F1FF3DB1D5}.Release|Any CPU.Build.0 = Release|Any CPU
		{273F83F8-8B39-4FEF-9845-3DDEC07F5679}.Debug|Any CPU.ActiveCfg = Debug|Any CPU
		{273F83F8-8B39-4FEF-9845-3DDEC07F5679}.Debug|Any CPU.Build.0 = Debug|Any CPU
		{273F83F8-8B39-4FEF-9845-3DDEC07F5679}.Release|Any CPU.ActiveCfg = Release|Any CPU
		{273F83F8-8B39-4FEF-9845-3DDEC07F5679}.Release|Any CPU.Build.0 = Release|Any CPU
		{66ABABCA-416F-47C7-97B9-5693D608C00C}.Debug|Any CPU.ActiveCfg = Debug|Any CPU
		{66ABABCA-416F-47C7-97B9-5693D608C00C}.Debug|Any CPU.Build.0 = Debug|Any CPU
		{66ABABCA-416F-47C7-97B9-5693D608C00C}.Release|Any CPU.ActiveCfg = Release|Any CPU
		{66ABABCA-416F-47C7-97B9-5693D608C00C}.Release|Any CPU.Build.0 = Release|Any CPU
		{69E5F73B-8591-4C02-9799-9493DDDAA8DD}.Debug|Any CPU.ActiveCfg = Debug|Any CPU
		{69E5F73B-8591-4C02-9799-9493DDDAA8DD}.Debug|Any CPU.Build.0 = Debug|Any CPU
		{69E5F73B-8591-4C02-9799-9493DDDAA8DD}.Release|Any CPU.ActiveCfg = Release|Any CPU
		{69E5F73B-8591-4C02-9799-9493DDDAA8DD}.Release|Any CPU.Build.0 = Release|Any CPU
		{FC909126-A6A7-42B5-B32C-04B97CF6DD88}.Debug|Any CPU.ActiveCfg = Debug|Any CPU
		{FC909126-A6A7-42B5-B32C-04B97CF6DD88}.Debug|Any CPU.Build.0 = Debug|Any CPU
		{FC909126-A6A7-42B5-B32C-04B97CF6DD88}.Release|Any CPU.ActiveCfg = Release|Any CPU
		{FC909126-A6A7-42B5-B32C-04B97CF6DD88}.Release|Any CPU.Build.0 = Release|Any CPU
		{B6DFC094-A839-48C3-8AD6-20C89925F322}.Debug|Any CPU.ActiveCfg = Debug|Any CPU
		{B6DFC094-A839-48C3-8AD6-20C89925F322}.Debug|Any CPU.Build.0 = Debug|Any CPU
		{B6DFC094-A839-48C3-8AD6-20C89925F322}.Release|Any CPU.ActiveCfg = Release|Any CPU
		{B6DFC094-A839-48C3-8AD6-20C89925F322}.Release|Any CPU.Build.0 = Release|Any CPU
		{64ED1650-98DC-4037-8401-856032C78DF1}.Debug|Any CPU.ActiveCfg = Debug|Any CPU
		{64ED1650-98DC-4037-8401-856032C78DF1}.Debug|Any CPU.Build.0 = Debug|Any CPU
		{64ED1650-98DC-4037-8401-856032C78DF1}.Release|Any CPU.ActiveCfg = Release|Any CPU
		{64ED1650-98DC-4037-8401-856032C78DF1}.Release|Any CPU.Build.0 = Release|Any CPU
		{884C500F-8641-4D9A-9BD6-006FA512980A}.Debug|Any CPU.ActiveCfg = Debug|Any CPU
		{884C500F-8641-4D9A-9BD6-006FA512980A}.Debug|Any CPU.Build.0 = Debug|Any CPU
		{884C500F-8641-4D9A-9BD6-006FA512980A}.Release|Any CPU.ActiveCfg = Release|Any CPU
		{884C500F-8641-4D9A-9BD6-006FA512980A}.Release|Any CPU.Build.0 = Release|Any CPU
		{60D7E317-1CED-4E77-B55E-654AADBBD3E9}.Debug|Any CPU.ActiveCfg = Debug|Any CPU
		{60D7E317-1CED-4E77-B55E-654AADBBD3E9}.Debug|Any CPU.Build.0 = Debug|Any CPU
		{60D7E317-1CED-4E77-B55E-654AADBBD3E9}.Release|Any CPU.ActiveCfg = Release|Any CPU
		{60D7E317-1CED-4E77-B55E-654AADBBD3E9}.Release|Any CPU.Build.0 = Release|Any CPU
		{815BF665-1FFA-421E-A148-D8E5EA6AC650}.Debug|Any CPU.ActiveCfg = Debug|Any CPU
		{815BF665-1FFA-421E-A148-D8E5EA6AC650}.Debug|Any CPU.Build.0 = Debug|Any CPU
		{815BF665-1FFA-421E-A148-D8E5EA6AC650}.Release|Any CPU.ActiveCfg = Release|Any CPU
		{815BF665-1FFA-421E-A148-D8E5EA6AC650}.Release|Any CPU.Build.0 = Release|Any CPU
	EndGlobalSection
	GlobalSection(SolutionProperties) = preSolution
		HideSolutionNode = FALSE
	EndGlobalSection
	GlobalSection(NestedProjects) = preSolution
		{76F93D12-0BEC-4BE4-BFE3-187D49281CC4} = {2A377D10-4EEE-4AC8-A9FD-26F7046DAB91}
		{5C83FBBA-218F-4B02-BED0-68BEAA700439} = {109CDB46-1F5A-4F92-ABA2-BDEAE1F57E04}
		{77D29102-C413-408E-94BD-6C8CA797BAFF} = {B311A9B3-1949-431A-B921-C53F98CD0B0D}
		{D22BD835-BE10-4AC2-BF9F-FFC48F0EB9BF} = {B311A9B3-1949-431A-B921-C53F98CD0B0D}
		{93BA16C7-0BD2-41D1-AB6B-E112E0AE8FEF} = {B311A9B3-1949-431A-B921-C53F98CD0B0D}
		{89FEC610-5723-41C3-9E63-5830F11FE107} = {368E362E-A3F2-403C-8091-32749A55902F}
		{EDA605A7-996C-4E0D-B070-FA65DE36891B} = {368E362E-A3F2-403C-8091-32749A55902F}
		{3957927B-EAE1-4607-B076-59E2A9CBF6DC} = {368E362E-A3F2-403C-8091-32749A55902F}
		{32FB3BEF-F044-4E9C-8D6C-E2372FCF7CE6} = {DFEFD70D-2748-46CF-A9FD-62750BFE7588}
		{2AD54AB9-A8A5-400A-8832-C9518F7BE385} = {DFEFD70D-2748-46CF-A9FD-62750BFE7588}
		{BBD7D521-335D-4E35-B7DB-39F1FF3DB1D5} = {DFEFD70D-2748-46CF-A9FD-62750BFE7588}
		{273F83F8-8B39-4FEF-9845-3DDEC07F5679} = {BB736409-4BB1-400D-B77F-35E25DF1E107}
		{66ABABCA-416F-47C7-97B9-5693D608C00C} = {BB736409-4BB1-400D-B77F-35E25DF1E107}
		{69E5F73B-8591-4C02-9799-9493DDDAA8DD} = {BB736409-4BB1-400D-B77F-35E25DF1E107}
		{FC909126-A6A7-42B5-B32C-04B97CF6DD88} = {3F863553-78B4-4F4A-90C7-8B19DE6FC4B9}
		{B6DFC094-A839-48C3-8AD6-20C89925F322} = {3F863553-78B4-4F4A-90C7-8B19DE6FC4B9}
		{64ED1650-98DC-4037-8401-856032C78DF1} = {3F863553-78B4-4F4A-90C7-8B19DE6FC4B9}
		{884C500F-8641-4D9A-9BD6-006FA512980A} = {67AF1C01-F068-402E-8C0E-E1A19B681CBA}
		{60D7E317-1CED-4E77-B55E-654AADBBD3E9} = {67AF1C01-F068-402E-8C0E-E1A19B681CBA}
		{815BF665-1FFA-421E-A148-D8E5EA6AC650} = {67AF1C01-F068-402E-8C0E-E1A19B681CBA}
	EndGlobalSection
	GlobalSection(ExtensibilityGlobals) = postSolution
		SolutionGuid = {39A6892F-3044-45B7-A6D2-602B69A43F7D}
	EndGlobalSection
EndGlobal
